<?xml version="1.0" encoding="utf-8"?>
<Project ToolsVersion="4.0" xmlns="http://schemas.microsoft.com/developer/msbuild/2003">
  <ItemGroup>
    <MASM Include="Main.asm" />
    <MASM Include="MainMenu.asm" />
    <MASM Include="Timers.asm" />
    <MASM Include="Util.asm" />
    <MASM Include="GameWindow.asm" />
    <MASM Include="Game.asm" />
    <MASM Include="DinoData.asm" />
    <MASM Include="DinoLogic.asm" />
    <MASM Include="DinoRender.asm" />
  </ItemGroup>
  <ItemGroup>
    <Text Include="credits.txt" />
    <Text Include="start_screen.txt" />
    <Text Include="questions_easy.txt">
      <Filter>Texts</Filter>
    </Text>
    <Text Include="answers_easy.txt">
      <Filter>Texts</Filter>
    </Text>
  </ItemGroup>
  <ItemGroup>
    <Filter Include="Texts">
      <UniqueIdentifier>{3f2d9b01-1900-4168-b223-2edad48fdfd9}</UniqueIdentifier>
    </Filter>
  </ItemGroup>
</Project>